
Microsoft Visual Studio Solution File, Format Version 12.00
# Visual Studio 15
VisualStudioVersion = 15.0.27703.2035
MinimumVisualStudioVersion = 10.0.40219.1
Project("{8BC9CEB8-8B4A-11D0-8D11-00A0C91BC942}") = "Bai1", "Bai1\Bai1.vcxproj", "{6D4E9BA7-AC1C-4FDB-81A7-F5DEF8D32BE6}"
EndProject
Project("{8BC9CEB8-8B4A-11D0-8D11-00A0C91BC942}") = "Bai2", "Project1\Project1.vcxproj", "{9B0DB348-6F4A-4560-BFAB-8DA5148148C5}"
EndProject
Project("{8BC9CEB8-8B4A-11D0-8D11-00A0C91BC942}") = "Bai3", "Project2\Project2.vcxproj", "{5E9F0F9C-6761-45FF-A2F2-64004AA51AE3}"
EndProject
Project("{8BC9CEB8-8B4A-11D0-8D11-00A0C91BC942}") = "Bai4", "Bai4\Bai4.vcxproj", "{524CE397-F5E3-43E0-AF45-8CA8188585AC}"
EndProject
Project("{8BC9CEB8-8B4A-11D0-8D11-00A0C91BC942}") = "Bai5", "Bai5\Bai5.vcxproj", "{3D211B66-ADAF-4125-AF0E-C86EFA3CBCFE}"
EndProject
Project("{8BC9CEB8-8B4A-11D0-8D11-00A0C91BC942}") = "Bai6", "Bai6\Bai6.vcxproj", "{E78053A3-A429-476A-8F87-23B30D6FAC3E}"
EndProject
Project("{8BC9CEB8-8B4A-11D0-8D11-00A0C91BC942}") = "Bai7", "Bai7\Bai7.vcxproj", "{5B69300D-EEE7-47C7-AFB7-C8A919F113B0}"
EndProject
Project("{8BC9CEB8-8B4A-11D0-8D11-00A0C91BC942}") = "Bai8", "Bai8\Bai8.vcxproj", "{7A8B426F-F2F6-4D0A-93EE-9EB082C83E27}"
EndProject
Project("{8BC9CEB8-8B4A-11D0-8D11-00A0C91BC942}") = "Bai9", "Bai9\Bai9.vcxproj", "{59896AB3-C75F-41B8-8A1D-202A0F29FCE0}"
EndProject
Project("{8BC9CEB8-8B4A-11D0-8D11-00A0C91BC942}") = "Bai10", "Project3\Project3.vcxproj", "{E49DDBD7-AFDB-4EB6-8384-B781B0AA4781}"
EndProject
Project("{8BC9CEB8-8B4A-11D0-8D11-00A0C91BC942}") = "Bai11", "Bai11\Bai11.vcxproj", "{1A78A36F-83FB-4ABF-B1DE-461B06184A93}"
EndProject
Project("{8BC9CEB8-8B4A-11D0-8D11-00A0C91BC942}") = "Bai12", "Bai12\Bai12.vcxproj", "{DFAD1AB4-9B6A-4566-9F46-01F89C1D298B}"
EndProject
Project("{8BC9CEB8-8B4A-11D0-8D11-00A0C91BC942}") = "Bai13", "Bai13\Bai13.vcxproj", "{CA1BD0C9-D213-414F-BB38-59D147603D11}"
EndProject
Project("{8BC9CEB8-8B4A-11D0-8D11-00A0C91BC942}") = "Bai14", "Bai14\Bai14.vcxproj", "{E850FF27-60D7-4EC3-BB0D-84B1AC4EC5CF}"
EndProject
Project("{8BC9CEB8-8B4A-11D0-8D11-00A0C91BC942}") = "Bai15", "Bai15\Bai15.vcxproj", "{98519BCC-CD14-41A6-A58B-7B7A2A4E6009}"
EndProject
Project("{8BC9CEB8-8B4A-11D0-8D11-00A0C91BC942}") = "Bai16", "Bai16\Bai16.vcxproj", "{0484677F-2E70-497B-9123-1F3C928E123C}"
EndProject
Project("{8BC9CEB8-8B4A-11D0-8D11-00A0C91BC942}") = "Bai17", "Bai17\Bai17.vcxproj", "{86EC1CB0-EDB0-454A-ABCA-EBDA197E10D6}"
EndProject
Project("{8BC9CEB8-8B4A-11D0-8D11-00A0C91BC942}") = "Bai18", "Bai18\Bai18.vcxproj", "{161550DE-A518-41E2-BEFF-9B33E472EE8D}"
EndProject
Project("{8BC9CEB8-8B4A-11D0-8D11-00A0C91BC942}") = "Bai19", "Bai19\Bai19.vcxproj", "{B4CB84F3-1626-4258-A589-B89601785B8B}"
EndProject
Project("{8BC9CEB8-8B4A-11D0-8D11-00A0C91BC942}") = "Bai20", "Bai20\Bai20.vcxproj", "{9858645D-684E-4E9A-8A86-2E02BFE6574C}"
EndProject
Project("{8BC9CEB8-8B4A-11D0-8D11-00A0C91BC942}") = "Bai21", "Bai21\Bai21.vcxproj", "{7409B3DB-731F-4AA1-B4F0-1EBF88E3E050}"
EndProject
Project("{8BC9CEB8-8B4A-11D0-8D11-00A0C91BC942}") = "Bai22", "Bai22\Bai22.vcxproj", "{3EB2487E-2AE1-47EE-A636-42EFEDA05996}"
EndProject
Global
	GlobalSection(SolutionConfigurationPlatforms) = preSolution
		Debug|x64 = Debug|x64
		Debug|x86 = Debug|x86
		Release|x64 = Release|x64
		Release|x86 = Release|x86
	EndGlobalSection
	GlobalSection(ProjectConfigurationPlatforms) = postSolution
		{6D4E9BA7-AC1C-4FDB-81A7-F5DEF8D32BE6}.Debug|x64.ActiveCfg = Debug|x64
		{6D4E9BA7-AC1C-4FDB-81A7-F5DEF8D32BE6}.Debug|x64.Build.0 = Debug|x64
		{6D4E9BA7-AC1C-4FDB-81A7-F5DEF8D32BE6}.Debug|x86.ActiveCfg = Debug|Win32
		{6D4E9BA7-AC1C-4FDB-81A7-F5DEF8D32BE6}.Debug|x86.Build.0 = Debug|Win32
		{6D4E9BA7-AC1C-4FDB-81A7-F5DEF8D32BE6}.Release|x64.ActiveCfg = Release|x64
		{6D4E9BA7-AC1C-4FDB-81A7-F5DEF8D32BE6}.Release|x64.Build.0 = Release|x64
		{6D4E9BA7-AC1C-4FDB-81A7-F5DEF8D32BE6}.Release|x86.ActiveCfg = Release|Win32
		{6D4E9BA7-AC1C-4FDB-81A7-F5DEF8D32BE6}.Release|x86.Build.0 = Release|Win32
		{9B0DB348-6F4A-4560-BFAB-8DA5148148C5}.Debug|x64.ActiveCfg = Debug|x64
		{9B0DB348-6F4A-4560-BFAB-8DA5148148C5}.Debug|x64.Build.0 = Debug|x64
		{9B0DB348-6F4A-4560-BFAB-8DA5148148C5}.Debug|x86.ActiveCfg = Debug|Win32
		{9B0DB348-6F4A-4560-BFAB-8DA5148148C5}.Debug|x86.Build.0 = Debug|Win32
		{9B0DB348-6F4A-4560-BFAB-8DA5148148C5}.Release|x64.ActiveCfg = Release|x64
		{9B0DB348-6F4A-4560-BFAB-8DA5148148C5}.Release|x64.Build.0 = Release|x64
		{9B0DB348-6F4A-4560-BFAB-8DA5148148C5}.Release|x86.ActiveCfg = Release|Win32
		{9B0DB348-6F4A-4560-BFAB-8DA5148148C5}.Release|x86.Build.0 = Release|Win32
		{5E9F0F9C-6761-45FF-A2F2-64004AA51AE3}.Debug|x64.ActiveCfg = Debug|x64
		{5E9F0F9C-6761-45FF-A2F2-64004AA51AE3}.Debug|x64.Build.0 = Debug|x64
		{5E9F0F9C-6761-45FF-A2F2-64004AA51AE3}.Debug|x86.ActiveCfg = Debug|Win32
		{5E9F0F9C-6761-45FF-A2F2-64004AA51AE3}.Debug|x86.Build.0 = Debug|Win32
		{5E9F0F9C-6761-45FF-A2F2-64004AA51AE3}.Release|x64.ActiveCfg = Release|x64
		{5E9F0F9C-6761-45FF-A2F2-64004AA51AE3}.Release|x64.Build.0 = Release|x64
		{5E9F0F9C-6761-45FF-A2F2-64004AA51AE3}.Release|x86.ActiveCfg = Release|Win32
		{5E9F0F9C-6761-45FF-A2F2-64004AA51AE3}.Release|x86.Build.0 = Release|Win32
		{524CE397-F5E3-43E0-AF45-8CA8188585AC}.Debug|x64.ActiveCfg = Debug|x64
		{524CE397-F5E3-43E0-AF45-8CA8188585AC}.Debug|x64.Build.0 = Debug|x64
		{524CE397-F5E3-43E0-AF45-8CA8188585AC}.Debug|x86.ActiveCfg = Debug|Win32
		{524CE397-F5E3-43E0-AF45-8CA8188585AC}.Debug|x86.Build.0 = Debug|Win32
		{524CE397-F5E3-43E0-AF45-8CA8188585AC}.Release|x64.ActiveCfg = Release|x64
		{524CE397-F5E3-43E0-AF45-8CA8188585AC}.Release|x64.Build.0 = Release|x64
		{524CE397-F5E3-43E0-AF45-8CA8188585AC}.Release|x86.ActiveCfg = Release|Win32
		{524CE397-F5E3-43E0-AF45-8CA8188585AC}.Release|x86.Build.0 = Release|Win32
		{3D211B66-ADAF-4125-AF0E-C86EFA3CBCFE}.Debug|x64.ActiveCfg = Debug|x64
		{3D211B66-ADAF-4125-AF0E-C86EFA3CBCFE}.Debug|x64.Build.0 = Debug|x64
		{3D211B66-ADAF-4125-AF0E-C86EFA3CBCFE}.Debug|x86.ActiveCfg = Debug|Win32
		{3D211B66-ADAF-4125-AF0E-C86EFA3CBCFE}.Debug|x86.Build.0 = Debug|Win32
		{3D211B66-ADAF-4125-AF0E-C86EFA3CBCFE}.Release|x64.ActiveCfg = Release|x64
		{3D211B66-ADAF-4125-AF0E-C86EFA3CBCFE}.Release|x64.Build.0 = Release|x64
		{3D211B66-ADAF-4125-AF0E-C86EFA3CBCFE}.Release|x86.ActiveCfg = Release|Win32
		{3D211B66-ADAF-4125-AF0E-C86EFA3CBCFE}.Release|x86.Build.0 = Release|Win32
		{E78053A3-A429-476A-8F87-23B30D6FAC3E}.Debug|x64.ActiveCfg = Debug|x64
		{E78053A3-A429-476A-8F87-23B30D6FAC3E}.Debug|x64.Build.0 = Debug|x64
		{E78053A3-A429-476A-8F87-23B30D6FAC3E}.Debug|x86.ActiveCfg = Debug|Win32
		{E78053A3-A429-476A-8F87-23B30D6FAC3E}.Debug|x86.Build.0 = Debug|Win32
		{E78053A3-A429-476A-8F87-23B30D6FAC3E}.Release|x64.ActiveCfg = Release|x64
		{E78053A3-A429-476A-8F87-23B30D6FAC3E}.Release|x64.Build.0 = Release|x64
		{E78053A3-A429-476A-8F87-23B30D6FAC3E}.Release|x86.ActiveCfg = Release|Win32
		{E78053A3-A429-476A-8F87-23B30D6FAC3E}.Release|x86.Build.0 = Release|Win32
		{5B69300D-EEE7-47C7-AFB7-C8A919F113B0}.Debug|x64.ActiveCfg = Debug|x64
		{5B69300D-EEE7-47C7-AFB7-C8A919F113B0}.Debug|x64.Build.0 = Debug|x64
		{5B69300D-EEE7-47C7-AFB7-C8A919F113B0}.Debug|x86.ActiveCfg = Debug|Win32
		{5B69300D-EEE7-47C7-AFB7-C8A919F113B0}.Debug|x86.Build.0 = Debug|Win32
		{5B69300D-EEE7-47C7-AFB7-C8A919F113B0}.Release|x64.ActiveCfg = Release|x64
		{5B69300D-EEE7-47C7-AFB7-C8A919F113B0}.Release|x64.Build.0 = Release|x64
		{5B69300D-EEE7-47C7-AFB7-C8A919F113B0}.Release|x86.ActiveCfg = Release|Win32
		{5B69300D-EEE7-47C7-AFB7-C8A919F113B0}.Release|x86.Build.0 = Release|Win32
		{7A8B426F-F2F6-4D0A-93EE-9EB082C83E27}.Debug|x64.ActiveCfg = Debug|x64
		{7A8B426F-F2F6-4D0A-93EE-9EB082C83E27}.Debug|x64.Build.0 = Debug|x64
		{7A8B426F-F2F6-4D0A-93EE-9EB082C83E27}.Debug|x86.ActiveCfg = Debug|Win32
		{7A8B426F-F2F6-4D0A-93EE-9EB082C83E27}.Debug|x86.Build.0 = Debug|Win32
		{7A8B426F-F2F6-4D0A-93EE-9EB082C83E27}.Release|x64.ActiveCfg = Release|x64
		{7A8B426F-F2F6-4D0A-93EE-9EB082C83E27}.Release|x64.Build.0 = Release|x64
		{7A8B426F-F2F6-4D0A-93EE-9EB082C83E27}.Release|x86.ActiveCfg = Release|Win32
		{7A8B426F-F2F6-4D0A-93EE-9EB082C83E27}.Release|x86.Build.0 = Release|Win32
		{59896AB3-C75F-41B8-8A1D-202A0F29FCE0}.Debug|x64.ActiveCfg = Debug|x64
		{59896AB3-C75F-41B8-8A1D-202A0F29FCE0}.Debug|x64.Build.0 = Debug|x64
		{59896AB3-C75F-41B8-8A1D-202A0F29FCE0}.Debug|x86.ActiveCfg = Debug|Win32
		{59896AB3-C75F-41B8-8A1D-202A0F29FCE0}.Debug|x86.Build.0 = Debug|Win32
		{59896AB3-C75F-41B8-8A1D-202A0F29FCE0}.Release|x64.ActiveCfg = Release|x64
		{59896AB3-C75F-41B8-8A1D-202A0F29FCE0}.Release|x64.Build.0 = Release|x64
		{59896AB3-C75F-41B8-8A1D-202A0F29FCE0}.Release|x86.ActiveCfg = Release|Win32
		{59896AB3-C75F-41B8-8A1D-202A0F29FCE0}.Release|x86.Build.0 = Release|Win32
		{E49DDBD7-AFDB-4EB6-8384-B781B0AA4781}.Debug|x64.ActiveCfg = Debug|x64
		{E49DDBD7-AFDB-4EB6-8384-B781B0AA4781}.Debug|x64.Build.0 = Debug|x64
		{E49DDBD7-AFDB-4EB6-8384-B781B0AA4781}.Debug|x86.ActiveCfg = Debug|Win32
		{E49DDBD7-AFDB-4EB6-8384-B781B0AA4781}.Debug|x86.Build.0 = Debug|Win32
		{E49DDBD7-AFDB-4EB6-8384-B781B0AA4781}.Release|x64.ActiveCfg = Release|x64
		{E49DDBD7-AFDB-4EB6-8384-B781B0AA4781}.Release|x64.Build.0 = Release|x64
		{E49DDBD7-AFDB-4EB6-8384-B781B0AA4781}.Release|x86.ActiveCfg = Release|Win32
		{E49DDBD7-AFDB-4EB6-8384-B781B0AA4781}.Release|x86.Build.0 = Release|Win32
		{1A78A36F-83FB-4ABF-B1DE-461B06184A93}.Debug|x64.ActiveCfg = Debug|x64
		{1A78A36F-83FB-4ABF-B1DE-461B06184A93}.Debug|x64.Build.0 = Debug|x64
		{1A78A36F-83FB-4ABF-B1DE-461B06184A93}.Debug|x86.ActiveCfg = Debug|Win32
		{1A78A36F-83FB-4ABF-B1DE-461B06184A93}.Debug|x86.Build.0 = Debug|Win32
		{1A78A36F-83FB-4ABF-B1DE-461B06184A93}.Release|x64.ActiveCfg = Release|x64
		{1A78A36F-83FB-4ABF-B1DE-461B06184A93}.Release|x64.Build.0 = Release|x64
		{1A78A36F-83FB-4ABF-B1DE-461B06184A93}.Release|x86.ActiveCfg = Release|Win32
		{1A78A36F-83FB-4ABF-B1DE-461B06184A93}.Release|x86.Build.0 = Release|Win32
		{DFAD1AB4-9B6A-4566-9F46-01F89C1D298B}.Debug|x64.ActiveCfg = Debug|x64
		{DFAD1AB4-9B6A-4566-9F46-01F89C1D298B}.Debug|x64.Build.0 = Debug|x64
		{DFAD1AB4-9B6A-4566-9F46-01F89C1D298B}.Debug|x86.ActiveCfg = Debug|Win32
		{DFAD1AB4-9B6A-4566-9F46-01F89C1D298B}.Debug|x86.Build.0 = Debug|Win32
		{DFAD1AB4-9B6A-4566-9F46-01F89C1D298B}.Release|x64.ActiveCfg = Release|x64
		{DFAD1AB4-9B6A-4566-9F46-01F89C1D298B}.Release|x64.Build.0 = Release|x64
		{DFAD1AB4-9B6A-4566-9F46-01F89C1D298B}.Release|x86.ActiveCfg = Release|Win32
		{DFAD1AB4-9B6A-4566-9F46-01F89C1D298B}.Release|x86.Build.0 = Release|Win32
		{CA1BD0C9-D213-414F-BB38-59D147603D11}.Debug|x64.ActiveCfg = Debug|x64
		{CA1BD0C9-D213-414F-BB38-59D147603D11}.Debug|x64.Build.0 = Debug|x64
		{CA1BD0C9-D213-414F-BB38-59D147603D11}.Debug|x86.ActiveCfg = Debug|Win32
		{CA1BD0C9-D213-414F-BB38-59D147603D11}.Debug|x86.Build.0 = Debug|Win32
		{CA1BD0C9-D213-414F-BB38-59D147603D11}.Release|x64.ActiveCfg = Release|x64
		{CA1BD0C9-D213-414F-BB38-59D147603D11}.Release|x64.Build.0 = Release|x64
		{CA1BD0C9-D213-414F-BB38-59D147603D11}.Release|x86.ActiveCfg = Release|Win32
		{CA1BD0C9-D213-414F-BB38-59D147603D11}.Release|x86.Build.0 = Release|Win32
		{E850FF27-60D7-4EC3-BB0D-84B1AC4EC5CF}.Debug|x64.ActiveCfg = Debug|x64
		{E850FF27-60D7-4EC3-BB0D-84B1AC4EC5CF}.Debug|x64.Build.0 = Debug|x64
		{E850FF27-60D7-4EC3-BB0D-84B1AC4EC5CF}.Debug|x86.ActiveCfg = Debug|Win32
		{E850FF27-60D7-4EC3-BB0D-84B1AC4EC5CF}.Debug|x86.Build.0 = Debug|Win32
		{E850FF27-60D7-4EC3-BB0D-84B1AC4EC5CF}.Release|x64.ActiveCfg = Release|x64
		{E850FF27-60D7-4EC3-BB0D-84B1AC4EC5CF}.Release|x64.Build.0 = Release|x64
		{E850FF27-60D7-4EC3-BB0D-84B1AC4EC5CF}.Release|x86.ActiveCfg = Release|Win32
		{E850FF27-60D7-4EC3-BB0D-84B1AC4EC5CF}.Release|x86.Build.0 = Release|Win32
		{98519BCC-CD14-41A6-A58B-7B7A2A4E6009}.Debug|x64.ActiveCfg = Debug|x64
		{98519BCC-CD14-41A6-A58B-7B7A2A4E6009}.Debug|x64.Build.0 = Debug|x64
		{98519BCC-CD14-41A6-A58B-7B7A2A4E6009}.Debug|x86.ActiveCfg = Debug|Win32
		{98519BCC-CD14-41A6-A58B-7B7A2A4E6009}.Debug|x86.Build.0 = Debug|Win32
		{98519BCC-CD14-41A6-A58B-7B7A2A4E6009}.Release|x64.ActiveCfg = Release|x64
		{98519BCC-CD14-41A6-A58B-7B7A2A4E6009}.Release|x64.Build.0 = Release|x64
		{98519BCC-CD14-41A6-A58B-7B7A2A4E6009}.Release|x86.ActiveCfg = Release|Win32
		{98519BCC-CD14-41A6-A58B-7B7A2A4E6009}.Release|x86.Build.0 = Release|Win32
		{0484677F-2E70-497B-9123-1F3C928E123C}.Debug|x64.ActiveCfg = Debug|x64
		{0484677F-2E70-497B-9123-1F3C928E123C}.Debug|x64.Build.0 = Debug|x64
		{0484677F-2E70-497B-9123-1F3C928E123C}.Debug|x86.ActiveCfg = Debug|Win32
		{0484677F-2E70-497B-9123-1F3C928E123C}.Debug|x86.Build.0 = Debug|Win32
		{0484677F-2E70-497B-9123-1F3C928E123C}.Release|x64.ActiveCfg = Release|x64
		{0484677F-2E70-497B-9123-1F3C928E123C}.Release|x64.Build.0 = Release|x64
		{0484677F-2E70-497B-9123-1F3C928E123C}.Release|x86.ActiveCfg = Release|Win32
		{0484677F-2E70-497B-9123-1F3C928E123C}.Release|x86.Build.0 = Release|Win32
		{86EC1CB0-EDB0-454A-ABCA-EBDA197E10D6}.Debug|x64.ActiveCfg = Debug|x64
		{86EC1CB0-EDB0-454A-ABCA-EBDA197E10D6}.Debug|x64.Build.0 = Debug|x64
		{86EC1CB0-EDB0-454A-ABCA-EBDA197E10D6}.Debug|x86.ActiveCfg = Debug|Win32
		{86EC1CB0-EDB0-454A-ABCA-EBDA197E10D6}.Debug|x86.Build.0 = Debug|Win32
		{86EC1CB0-EDB0-454A-ABCA-EBDA197E10D6}.Release|x64.ActiveCfg = Release|x64
		{86EC1CB0-EDB0-454A-ABCA-EBDA197E10D6}.Release|x64.Build.0 = Release|x64
		{86EC1CB0-EDB0-454A-ABCA-EBDA197E10D6}.Release|x86.ActiveCfg = Release|Win32
		{86EC1CB0-EDB0-454A-ABCA-EBDA197E10D6}.Release|x86.Build.0 = Release|Win32
		{161550DE-A518-41E2-BEFF-9B33E472EE8D}.Debug|x64.ActiveCfg = Debug|x64
		{161550DE-A518-41E2-BEFF-9B33E472EE8D}.Debug|x64.Build.0 = Debug|x64
		{161550DE-A518-41E2-BEFF-9B33E472EE8D}.Debug|x86.ActiveCfg = Debug|Win32
		{161550DE-A518-41E2-BEFF-9B33E472EE8D}.Debug|x86.Build.0 = Debug|Win32
		{161550DE-A518-41E2-BEFF-9B33E472EE8D}.Release|x64.ActiveCfg = Release|x64
		{161550DE-A518-41E2-BEFF-9B33E472EE8D}.Release|x64.Build.0 = Release|x64
		{161550DE-A518-41E2-BEFF-9B33E472EE8D}.Release|x86.ActiveCfg = Release|Win32
		{161550DE-A518-41E2-BEFF-9B33E472EE8D}.Release|x86.Build.0 = Release|Win32
		{B4CB84F3-1626-4258-A589-B89601785B8B}.Debug|x64.ActiveCfg = Debug|x64
		{B4CB84F3-1626-4258-A589-B89601785B8B}.Debug|x64.Build.0 = Debug|x64
		{B4CB84F3-1626-4258-A589-B89601785B8B}.Debug|x86.ActiveCfg = Debug|Win32
		{B4CB84F3-1626-4258-A589-B89601785B8B}.Debug|x86.Build.0 = Debug|Win32
		{B4CB84F3-1626-4258-A589-B89601785B8B}.Release|x64.ActiveCfg = Release|x64
		{B4CB84F3-1626-4258-A589-B89601785B8B}.Release|x64.Build.0 = Release|x64
		{B4CB84F3-1626-4258-A589-B89601785B8B}.Release|x86.ActiveCfg = Release|Win32
		{B4CB84F3-1626-4258-A589-B89601785B8B}.Release|x86.Build.0 = Release|Win32
		{9858645D-684E-4E9A-8A86-2E02BFE6574C}.Debug|x64.ActiveCfg = Debug|x64
		{9858645D-684E-4E9A-8A86-2E02BFE6574C}.Debug|x64.Build.0 = Debug|x64
		{9858645D-684E-4E9A-8A86-2E02BFE6574C}.Debug|x86.ActiveCfg = Debug|Win32
		{9858645D-684E-4E9A-8A86-2E02BFE6574C}.Debug|x86.Build.0 = Debug|Win32
		{9858645D-684E-4E9A-8A86-2E02BFE6574C}.Release|x64.ActiveCfg = Release|x64
		{9858645D-684E-4E9A-8A86-2E02BFE6574C}.Release|x64.Build.0 = Release|x64
		{9858645D-684E-4E9A-8A86-2E02BFE6574C}.Release|x86.ActiveCfg = Release|Win32
		{9858645D-684E-4E9A-8A86-2E02BFE6574C}.Release|x86.Build.0 = Release|Win32
		{7409B3DB-731F-4AA1-B4F0-1EBF88E3E050}.Debug|x64.ActiveCfg = Debug|x64
		{7409B3DB-731F-4AA1-B4F0-1EBF88E3E050}.Debug|x64.Build.0 = Debug|x64
		{7409B3DB-731F-4AA1-B4F0-1EBF88E3E050}.Debug|x86.ActiveCfg = Debug|Win32
		{7409B3DB-731F-4AA1-B4F0-1EBF88E3E050}.Debug|x86.Build.0 = Debug|Win32
		{7409B3DB-731F-4AA1-B4F0-1EBF88E3E050}.Release|x64.ActiveCfg = Release|x64
		{7409B3DB-731F-4AA1-B4F0-1EBF88E3E050}.Release|x64.Build.0 = Release|x64
		{7409B3DB-731F-4AA1-B4F0-1EBF88E3E050}.Release|x86.ActiveCfg = Release|Win32
		{7409B3DB-731F-4AA1-B4F0-1EBF88E3E050}.Release|x86.Build.0 = Release|Win32
		{3EB2487E-2AE1-47EE-A636-42EFEDA05996}.Debug|x64.ActiveCfg = Debug|x64
		{3EB2487E-2AE1-47EE-A636-42EFEDA05996}.Debug|x64.Build.0 = Debug|x64
		{3EB2487E-2AE1-47EE-A636-42EFEDA05996}.Debug|x86.ActiveCfg = Debug|Win32
		{3EB2487E-2AE1-47EE-A636-42EFEDA05996}.Debug|x86.Build.0 = Debug|Win32
		{3EB2487E-2AE1-47EE-A636-42EFEDA05996}.Release|x64.ActiveCfg = Release|x64
		{3EB2487E-2AE1-47EE-A636-42EFEDA05996}.Release|x64.Build.0 = Release|x64
		{3EB2487E-2AE1-47EE-A636-42EFEDA05996}.Release|x86.ActiveCfg = Release|Win32
		{3EB2487E-2AE1-47EE-A636-42EFEDA05996}.Release|x86.Build.0 = Release|Win32
	EndGlobalSection
	GlobalSection(SolutionProperties) = preSolution
		HideSolutionNode = FALSE
	EndGlobalSection
	GlobalSection(ExtensibilityGlobals) = postSolution
		SolutionGuid = {6860C93A-993E-41FB-8E81-67A8025861F2}
	EndGlobalSection
EndGlobal
